
Microsoft Visual Studio Solution File, Format Version 12.00
# Visual Studio Version 17
VisualStudioVersion = 17.4.33205.214
MinimumVisualStudioVersion = 10.0.40219.1
Project("{FAE04EC0-301F-11D3-BF4B-00C04F79EFBC}") = "ConsoleApp2", "ConsoleApp2\ConsoleApp2.csproj", "{848FDD03-2D5E-4719-9BD7-7F1FC9D30922}"
EndProject
Project("{FAE04EC0-301F-11D3-BF4B-00C04F79EFBC}") = "TestProject1", "TestProject1\TestProject1.csproj", "{5EC4114C-9A9D-4AB7-A534-4817FBABA350}"
EndProject
Global
	GlobalSection(SolutionConfigurationPlatforms) = preSolution
		Debug|Any CPU = Debug|Any CPU
		Release|Any CPU = Release|Any CPU
	EndGlobalSection
	GlobalSection(ProjectConfigurationPlatforms) = postSolution
		{848FDD03-2D5E-4719-9BD7-7F1FC9D30922}.Debug|Any CPU.ActiveCfg = Debug|Any CPU
		{848FDD03-2D5E-4719-9BD7-7F1FC9D30922}.Debug|Any CPU.Build.0 = Debug|Any CPU
		{848FDD03-2D5E-4719-9BD7-7F1FC9D30922}.Release|Any CPU.ActiveCfg = Release|Any CPU
		{848FDD03-2D5E-4719-9BD7-7F1FC9D30922}.Release|Any CPU.Build.0 = Release|Any CPU
		{5EC4114C-9A9D-4AB7-A534-4817FBABA350}.Debug|Any CPU.ActiveCfg = Debug|Any CPU
		{5EC4114C-9A9D-4AB7-A534-4817FBABA350}.Debug|Any CPU.Build.0 = Debug|Any CPU
		{5EC4114C-9A9D-4AB7-A534-4817FBABA350}.Release|Any CPU.ActiveCfg = Release|Any CPU
		{5EC4114C-9A9D-4AB7-A534-4817FBABA350}.Release|Any CPU.Build.0 = Release|Any CPU
	EndGlobalSection
	GlobalSection(SolutionProperties) = preSolution
		HideSolutionNode = FALSE
	EndGlobalSection
	GlobalSection(ExtensibilityGlobals) = postSolution
		SolutionGuid = {ED47B691-FF7A-4E62-9A9E-BD04C320A257}
	EndGlobalSection
EndGlobal
