
Microsoft Visual Studio Solution File, Format Version 12.00
# Visual Studio Version 17
VisualStudioVersion = 17.4.33205.214
MinimumVisualStudioVersion = 10.0.40219.1
Project("{FAE04EC0-301F-11D3-BF4B-00C04F79EFBC}") = "ConsoleUnitTest1", "ConsoleUnitTest1\ConsoleUnitTest1.csproj", "{D5196B99-3D8E-42FC-AAB0-FBA75364FFA5}"
EndProject
Project("{FAE04EC0-301F-11D3-BF4B-00C04F79EFBC}") = "TestProject1", "TestProject1\TestProject1.csproj", "{8AB20911-3FE3-4F56-9961-73321D950574}"
EndProject
Global
	GlobalSection(SolutionConfigurationPlatforms) = preSolution
		Debug|Any CPU = Debug|Any CPU
		Release|Any CPU = Release|Any CPU
	EndGlobalSection
	GlobalSection(ProjectConfigurationPlatforms) = postSolution
		{D5196B99-3D8E-42FC-AAB0-FBA75364FFA5}.Debug|Any CPU.ActiveCfg = Debug|Any CPU
		{D5196B99-3D8E-42FC-AAB0-FBA75364FFA5}.Debug|Any CPU.Build.0 = Debug|Any CPU
		{D5196B99-3D8E-42FC-AAB0-FBA75364FFA5}.Release|Any CPU.ActiveCfg = Release|Any CPU
		{D5196B99-3D8E-42FC-AAB0-FBA75364FFA5}.Release|Any CPU.Build.0 = Release|Any CPU
		{8AB20911-3FE3-4F56-9961-73321D950574}.Debug|Any CPU.ActiveCfg = Debug|Any CPU
		{8AB20911-3FE3-4F56-9961-73321D950574}.Debug|Any CPU.Build.0 = Debug|Any CPU
		{8AB20911-3FE3-4F56-9961-73321D950574}.Release|Any CPU.ActiveCfg = Release|Any CPU
		{8AB20911-3FE3-4F56-9961-73321D950574}.Release|Any CPU.Build.0 = Release|Any CPU
	EndGlobalSection
	GlobalSection(SolutionProperties) = preSolution
		HideSolutionNode = FALSE
	EndGlobalSection
	GlobalSection(ExtensibilityGlobals) = postSolution
		SolutionGuid = {5CA03B50-83EF-4CD4-9B37-092B426425B8}
	EndGlobalSection
EndGlobal
